
Microsoft Visual Studio Solution File, Format Version 12.00
# Visual Studio Version 16
VisualStudioVersion = 16.0.30413.136
MinimumVisualStudioVersion = 10.0.40219.1
Project("{FAE04EC0-301F-11D3-BF4B-00C04F79EFBC}") = "MyAspDotNetMVC", "MyAspDotNetMVC.csproj", "{D3189C1D-CFF7-4052-95E9-CE7920C23809}"
EndProject
Global
	GlobalSection(SolutionConfigurationPlatforms) = preSolution
		Debug|Any CPU = Debug|Any CPU
		Release|Any CPU = Release|Any CPU
	EndGlobalSection
	GlobalSection(ProjectConfigurationPlatforms) = postSolution
		{D3189C1D-CFF7-4052-95E9-CE7920C23809}.Debug|Any CPU.ActiveCfg = Debug|Any CPU
		{D3189C1D-CFF7-4052-95E9-CE7920C23809}.Debug|Any CPU.Build.0 = Debug|Any CPU
		{D3189C1D-CFF7-4052-95E9-CE7920C23809}.Release|Any CPU.ActiveCfg = Release|Any CPU
		{D3189C1D-CFF7-4052-95E9-CE7920C23809}.Release|Any CPU.Build.0 = Release|Any CPU
	EndGlobalSection
	GlobalSection(SolutionProperties) = preSolution
		HideSolutionNode = FALSE
	EndGlobalSection
	GlobalSection(ExtensibilityGlobals) = postSolution
		SolutionGuid = {10A49F50-F747-43B6-8D59-E845A4A9146B}
	EndGlobalSection
EndGlobal
