
Microsoft Visual Studio Solution File, Format Version 12.00
# Visual Studio Version 16
VisualStudioVersion = 16.0.30413.136
MinimumVisualStudioVersion = 10.0.40219.1
Project("{FAE04EC0-301F-11D3-BF4B-00C04F79EFBC}") = "WebApplication1", "WebApplication1.csproj", "{C9663FBE-C788-4BCF-BF97-A245DF54CE4D}"
EndProject
Global
	GlobalSection(SolutionConfigurationPlatforms) = preSolution
		Debug|Any CPU = Debug|Any CPU
		Release|Any CPU = Release|Any CPU
	EndGlobalSection
	GlobalSection(ProjectConfigurationPlatforms) = postSolution
		{C9663FBE-C788-4BCF-BF97-A245DF54CE4D}.Debug|Any CPU.ActiveCfg = Debug|Any CPU
		{C9663FBE-C788-4BCF-BF97-A245DF54CE4D}.Debug|Any CPU.Build.0 = Debug|Any CPU
		{C9663FBE-C788-4BCF-BF97-A245DF54CE4D}.Release|Any CPU.ActiveCfg = Release|Any CPU
		{C9663FBE-C788-4BCF-BF97-A245DF54CE4D}.Release|Any CPU.Build.0 = Release|Any CPU
	EndGlobalSection
	GlobalSection(SolutionProperties) = preSolution
		HideSolutionNode = FALSE
	EndGlobalSection
	GlobalSection(ExtensibilityGlobals) = postSolution
		SolutionGuid = {3390378B-6053-4CF0-87F3-4A6013B7F1A4}
	EndGlobalSection
EndGlobal
