
Microsoft Visual Studio Solution File, Format Version 12.00
# Visual Studio Version 16
VisualStudioVersion = 16.0.30413.136
MinimumVisualStudioVersion = 10.0.40219.1
Project("{FAE04EC0-301F-11D3-BF4B-00C04F79EFBC}") = "SQLITE_MSDEMO", "SQLITE_MSDEMO.csproj", "{4F8F412E-B60F-4E56-9B9C-3EB848E706EA}"
EndProject
Project("{FAE04EC0-301F-11D3-BF4B-00C04F79EFBC}") = "DatAccessLibrary", "..\DatAccessLibrary\DatAccessLibrary.csproj", "{6877E790-5B7D-4AF7-9D06-7B8F2546F382}"
EndProject
Global
	GlobalSection(SolutionConfigurationPlatforms) = preSolution
		Debug|Any CPU = Debug|Any CPU
		Debug|ARM = Debug|ARM
		Debug|ARM64 = Debug|ARM64
		Debug|x64 = Debug|x64
		Debug|x86 = Debug|x86
		Release|Any CPU = Release|Any CPU
		Release|ARM = Release|ARM
		Release|ARM64 = Release|ARM64
		Release|x64 = Release|x64
		Release|x86 = Release|x86
	EndGlobalSection
	GlobalSection(ProjectConfigurationPlatforms) = postSolution
		{4F8F412E-B60F-4E56-9B9C-3EB848E706EA}.Debug|Any CPU.ActiveCfg = Debug|x86
		{4F8F412E-B60F-4E56-9B9C-3EB848E706EA}.Debug|ARM.ActiveCfg = Debug|ARM
		{4F8F412E-B60F-4E56-9B9C-3EB848E706EA}.Debug|ARM.Build.0 = Debug|ARM
		{4F8F412E-B60F-4E56-9B9C-3EB848E706EA}.Debug|ARM.Deploy.0 = Debug|ARM
		{4F8F412E-B60F-4E56-9B9C-3EB848E706EA}.Debug|ARM64.ActiveCfg = Debug|ARM64
		{4F8F412E-B60F-4E56-9B9C-3EB848E706EA}.Debug|ARM64.Build.0 = Debug|ARM64
		{4F8F412E-B60F-4E56-9B9C-3EB848E706EA}.Debug|ARM64.Deploy.0 = Debug|ARM64
		{4F8F412E-B60F-4E56-9B9C-3EB848E706EA}.Debug|x64.ActiveCfg = Debug|x64
		{4F8F412E-B60F-4E56-9B9C-3EB848E706EA}.Debug|x64.Build.0 = Debug|x64
		{4F8F412E-B60F-4E56-9B9C-3EB848E706EA}.Debug|x64.Deploy.0 = Debug|x64
		{4F8F412E-B60F-4E56-9B9C-3EB848E706EA}.Debug|x86.ActiveCfg = Debug|x86
		{4F8F412E-B60F-4E56-9B9C-3EB848E706EA}.Debug|x86.Build.0 = Debug|x86
		{4F8F412E-B60F-4E56-9B9C-3EB848E706EA}.Debug|x86.Deploy.0 = Debug|x86
		{4F8F412E-B60F-4E56-9B9C-3EB848E706EA}.Release|Any CPU.ActiveCfg = Release|x86
		{4F8F412E-B60F-4E56-9B9C-3EB848E706EA}.Release|ARM.ActiveCfg = Release|ARM
		{4F8F412E-B60F-4E56-9B9C-3EB848E706EA}.Release|ARM.Build.0 = Release|ARM
		{4F8F412E-B60F-4E56-9B9C-3EB848E706EA}.Release|ARM.Deploy.0 = Release|ARM
		{4F8F412E-B60F-4E56-9B9C-3EB848E706EA}.Release|ARM64.ActiveCfg = Release|ARM64
		{4F8F412E-B60F-4E56-9B9C-3EB848E706EA}.Release|ARM64.Build.0 = Release|ARM64
		{4F8F412E-B60F-4E56-9B9C-3EB848E706EA}.Release|ARM64.Deploy.0 = Release|ARM64
		{4F8F412E-B60F-4E56-9B9C-3EB848E706EA}.Release|x64.ActiveCfg = Release|x64
		{4F8F412E-B60F-4E56-9B9C-3EB848E706EA}.Release|x64.Build.0 = Release|x64
		{4F8F412E-B60F-4E56-9B9C-3EB848E706EA}.Release|x64.Deploy.0 = Release|x64
		{4F8F412E-B60F-4E56-9B9C-3EB848E706EA}.Release|x86.ActiveCfg = Release|x86
		{4F8F412E-B60F-4E56-9B9C-3EB848E706EA}.Release|x86.Build.0 = Release|x86
		{4F8F412E-B60F-4E56-9B9C-3EB848E706EA}.Release|x86.Deploy.0 = Release|x86
		{6877E790-5B7D-4AF7-9D06-7B8F2546F382}.Debug|Any CPU.ActiveCfg = Debug|Any CPU
		{6877E790-5B7D-4AF7-9D06-7B8F2546F382}.Debug|Any CPU.Build.0 = Debug|Any CPU
		{6877E790-5B7D-4AF7-9D06-7B8F2546F382}.Debug|ARM.ActiveCfg = Debug|ARM
		{6877E790-5B7D-4AF7-9D06-7B8F2546F382}.Debug|ARM.Build.0 = Debug|ARM
		{6877E790-5B7D-4AF7-9D06-7B8F2546F382}.Debug|ARM64.ActiveCfg = Debug|ARM64
		{6877E790-5B7D-4AF7-9D06-7B8F2546F382}.Debug|ARM64.Build.0 = Debug|ARM64
		{6877E790-5B7D-4AF7-9D06-7B8F2546F382}.Debug|x64.ActiveCfg = Debug|x64
		{6877E790-5B7D-4AF7-9D06-7B8F2546F382}.Debug|x64.Build.0 = Debug|x64
		{6877E790-5B7D-4AF7-9D06-7B8F2546F382}.Debug|x86.ActiveCfg = Debug|x86
		{6877E790-5B7D-4AF7-9D06-7B8F2546F382}.Debug|x86.Build.0 = Debug|x86
		{6877E790-5B7D-4AF7-9D06-7B8F2546F382}.Release|Any CPU.ActiveCfg = Release|Any CPU
		{6877E790-5B7D-4AF7-9D06-7B8F2546F382}.Release|Any CPU.Build.0 = Release|Any CPU
		{6877E790-5B7D-4AF7-9D06-7B8F2546F382}.Release|ARM.ActiveCfg = Release|ARM
		{6877E790-5B7D-4AF7-9D06-7B8F2546F382}.Release|ARM.Build.0 = Release|ARM
		{6877E790-5B7D-4AF7-9D06-7B8F2546F382}.Release|ARM64.ActiveCfg = Release|ARM64
		{6877E790-5B7D-4AF7-9D06-7B8F2546F382}.Release|ARM64.Build.0 = Release|ARM64
		{6877E790-5B7D-4AF7-9D06-7B8F2546F382}.Release|x64.ActiveCfg = Release|x64
		{6877E790-5B7D-4AF7-9D06-7B8F2546F382}.Release|x64.Build.0 = Release|x64
		{6877E790-5B7D-4AF7-9D06-7B8F2546F382}.Release|x86.ActiveCfg = Release|x86
		{6877E790-5B7D-4AF7-9D06-7B8F2546F382}.Release|x86.Build.0 = Release|x86
	EndGlobalSection
	GlobalSection(SolutionProperties) = preSolution
		HideSolutionNode = FALSE
	EndGlobalSection
	GlobalSection(ExtensibilityGlobals) = postSolution
		SolutionGuid = {6E16DBF0-B6EA-4E49-A9EA-14985C8684F7}
	EndGlobalSection
EndGlobal
